<?xml version="1.0" encoding="utf-8"?>
<Project ToolsVersion="4.0" xmlns="http://schemas.microsoft.com/developer/msbuild/2003">
  <ItemGroup>
    <ClCompile Include="Src\Object\Actor\Factory\FeedJ\FeedJStage1Factory.cpp" />
    <ClCompile Include="Src\Object\Actor\Stage\FeedJ\FeedJFloor.cpp" />
    <ClCompile Include="Src\Object\Actor\Item\FeedJ\FeedJ_ItemIdle.cpp" />
    <ClCompile Include="Src\Object\Actor\Item\FeedJ\Container\CuttingBoard.cpp" />
    <ClCompile Include="Src\Object\Actor\Item\FeedJ\Container\Dish.cpp" />
    <ClCompile Include="Src\Object\Actor\Item\FeedJ\Food\AfterCooking\Cucamber.cpp" />
    <ClCompile Include="Src\Object\Actor\Item\FeedJ\Food\AfterCooking\Lettuce.cpp" />
    <ClCompile Include="Src\Object\Actor\Charactor\OneToFour\FeedJ\State\FeedJ_HoldState.cpp" />
    <ClCompile Include="Src\Object\UI\Unicycle\CountTimer.cpp" />
    <ClCompile Include="Src\Object\UI\Unicycle\Distance.cpp" />
    <ClCompile Include="Src\Object\Actor\Charactor\OneToFour\FeedJ\State\FeedJ_Cook.cpp" />
    <ClCompile Include="Src\Object\Actor\Charactor\OneToFour\FeedJ\State\FeedJ_Dash.cpp" />
    <ClCompile Include="Src\Object\Actor\Charactor\OneToFour\FeedJ\State\FeedJ_HoldWalk.cpp" />
    <ClCompile Include="Src\Object\Actor\Charactor\OneToFour\FeedJ\State\FeedJ_Walk.cpp" />
    <ClCompile Include="Src\Object\Actor\Charactor\OneToFour\FeedJ\State\FeedJ_IdleState.cpp" />
    <ClCompile Include="Src\Object\Actor\Factory\Unicycle\UnicycleFactory.cpp" />
    <ClCompile Include="Src\Object\UI\FeedJ\FoodUI.cpp" />
    <ClCompile Include="Src\Object\Actor\Item\FeedJ\Container\ContainerBase.cpp" />
    <ClCompile Include="Src\Object\Actor\Item\FeedJ\Food\FoodBase.cpp" />
    <ClCompile Include="Src\Object\Actor\Item\ItemBase.cpp" />
    <ClCompile Include="Src\Object\Actor\Charactor\OneToFour\FeedJ\FeedJPlayer.cpp" />
    <ClCompile Include="Src\Scene\GameScene\Game\OneToFour\FeedJ\FeedJ.cpp" />
    <ClCompile Include="Src\Object\Actor\Charactor\Player\ButtonMashing\ButtonMashingPlayer.cpp" />
    <ClCompile Include="Src\Scene\GameScene\Game\FourPlayer\ButtonMashing\ButtonMushing.cpp" />
    <ClCompile Include="Src\Scene\GameScene\Game\FourPlayer\FindingJ.cpp" />
    <ClCompile Include="Src\Scene\GameSelect\GameSelectScene.cpp" />
    <ClCompile Include="Src\Scene\GameScene\Game\GameBase.cpp" />
    <ClCompile Include="Src\Manager\Game\SE.cpp" />
    <ClCompile Include="Src\Object\Actor\Charactor\FindingJ\FindingJCPU\FindingJChaser.cpp" />
    <ClCompile Include="Src\Object\Actor\Charactor\FindingJ\FindingJCPU\FindingJRunner.cpp" />
    <ClCompile Include="Src\Object\Actor\Charactor\FindingJ\FindingJPlayer.cpp" />
    <ClCompile Include="Src\Object\Actor\Charactor\CharactorBase.cpp" />
    <ClCompile Include="Src\Object\Actor\Stage\FindingJ\ReactionBlock.cpp" />
    <ClCompile Include="Src\Object\Actor\Stage\FindingJ\Block.cpp" />
    <ClCompile Include="Src\Manager\System\EventSystem\EventManager.cpp" />
    <ClCompile Include="Src\Manager\System\Collision\CollisionLogic.cpp" />
    <ClCompile Include="Src\Manager\System\Collision\CollisionManager.cpp" />
    <ClCompile Include="Src\Object\Actor\Manager\ActorManager.cpp" />
    <ClCompile Include="Src\Object\UI\FindingJ\GameMessageUI.cpp" />
    <ClCompile Include="Src\Object\UI\FindingJ\Timer.cpp" />
    <ClCompile Include="Src\Manager\Game\UIManager.cpp" />
    <ClCompile Include="Src\Scene\GameOverScene.cpp" />
    <ClCompile Include="Src\Scene\GameScene\GameScene.cpp" />
    <ClCompile Include="Src\Object\Actor\Shape\Sphere.cpp" />
    <ClCompile Include="Src\Object\Actor\Shape\Capsule.cpp" />
    <ClCompile Include="Src\Object\Actor\Shape\Box.cpp" />
    <ClCompile Include="Src\Object\Actor\Collider\ColliderSphere.cpp" />
    <ClCompile Include="Src\Object\Actor\Collider\ColliderCapsule.cpp" />
    <ClCompile Include="Src\Object\Actor\Shape\ShapeBase.cpp" />
    <ClCompile Include="Src\Object\Common\RigidBody.cpp" />
    <ClCompile Include="Src\Common\IntVector3.cpp" />
    <ClCompile Include="Src\Common\Quaternion.cpp" />
    <ClCompile Include="Src\Common\Vector2.cpp" />
    <ClCompile Include="Src\Manager\Generic\FPS.cpp" />
    <ClCompile Include="Src\Manager\Generic\KeyManager.cpp" />
    <ClCompile Include="Src\Manager\Generic\Loading.cpp" />
    <ClCompile Include="Src\Manager\Resource\ResourceManager.cpp" />
    <ClCompile Include="Src\Manager\Resource\Resource.cpp" />
    <ClCompile Include="Src\Object\Actor\ActorBase.cpp" />
    <ClCompile Include="Src\Object\Actor\Camera\Camera.cpp" />
    <ClCompile Include="Src\Object\Actor\Collider\ColliderBase.cpp" />
    <ClCompile Include="Src\Object\Actor\Collider\ColliderBox.cpp" />
    <ClCompile Include="Src\Object\Common\AnimationController.cpp" />
    <ClCompile Include="Src\Object\Common\Transform.cpp" />
    <ClCompile Include="Src\Scene\PauseScene.cpp" />
    <ClCompile Include="Src\Scene\PeopleSelectScene.cpp" />
    <ClCompile Include="Src\Scene\SceneBase.cpp" />
    <ClCompile Include="Src\Manager\Game\SceneManager.cpp" />
    <ClCompile Include="Src\Application.cpp" />
    <ClCompile Include="Src\main.cpp" />
    <ClCompile Include="Src\Utility\AsoUtility.cpp" />
    <ClCompile Include="Src\Scene\TitleScene.cpp" />
    <ClCompile Include="Src\Object\Actor\Factory\Test\TestFactory.cpp" />
    <ClCompile Include="Src\Object\Actor\Factory\FindingJ\Stage1Factory.cpp" />
    <ClCompile Include="Src\Object\Actor\Factory\FindingJ\Stage2Factory.cpp" />
    <ClCompile Include="Src\Object\Actor\Factory\FindingJ\Stage3Factory.cpp" />
    <ClCompile Include="Src\Object\UI\UIBase.cpp" />
    <ClCompile Include="Src\Scene\GameScene\Game\TwoPlayer\ThumbWrestling.cpp" />
    <ClCompile Include="Src\Scene\GameScene\Game\OnePlayer\TestGame.cpp" />
    <ClCompile Include="Src\Object\Actor\Stage\Test\TestFloor.cpp" />
    <ClCompile Include="Src\Object\Actor\Charactor\OnePlay\Test\TestPlayer.cpp" />
    <ClCompile Include="Src\Object\Actor\Stage\Test\TestBox.cpp" />
    <ClCompile Include="Src\Object\Actor\Stage\FeedJ\StationBase.cpp" />
    <ClCompile Include="Src\Object\Actor\Stage\FeedJ\Storage\StorageBase.cpp" />
    <ClCompile Include="Src\Object\Actor\Stage\FeedJ\StationCutting.cpp" />
    <ClCompile Include="Src\Object\Actor\Stage\FeedJ\StationNormal.cpp" />
    <ClCompile Include="Src\Object\Actor\Stage\FeedJ\StationDish.cpp" />
    <ClCompile Include="Src\Object\Actor\Stage\FeedJ\StationServe.cpp" />
    <ClCompile Include="Src\Object\Actor\Stage\FeedJ\Storage\StorageCucamber.cpp" />
    <ClCompile Include="Src\Object\Actor\Stage\FeedJ\Storage\StorageLettuce.cpp" />
    <ClCompile Include="Src\Object\Actor\Stage\FeedJ\Storage\StorageTomato.cpp" />
    <ClCompile Include="Src\Object\Actor\Item\FeedJ\Food\AfterCooking\Tomato.cpp" />
    <ClCompile Include="Src\Scene\GameScene\Game\AnyPlayer\Unicycle.cpp" />
    <ClCompile Include="Src\Object\Actor\Charactor\OnePlay\Unicycle\UnicyclePlayer.cpp" />
    <ClCompile Include="Src\Object\UI\Unicycle\MessageImageUI.cpp" />
    <ClCompile Include="Src\Object\Actor\Stage\Athletic\AthleticBrokenFloor.cpp" />
    <ClCompile Include="Src\Object\Actor\Stage\Athletic\AthleticCloud.cpp" />
    <ClCompile Include="Src\Object\Actor\Stage\Athletic\AthleticGoal.cpp" />
    <ClCompile Include="Src\Object\Actor\Stage\Athletic\AthleticNormalFloor.cpp" />
    <ClCompile Include="Src\Object\Actor\Stage\Athletic\AthleticSpinBox.cpp" />
    <ClCompile Include="Src\Object\Actor\Stage\Athletic\AthleticSpiningBar.cpp" />
    <ClCompile Include="Src\Object\Actor\Stage\Athletic\AthleticStart.cpp" />
    <ClCompile Include="Src\Object\Actor\Charactor\FourPlayer\Athletic\AthleticPlayer.cpp" />
    <ClCompile Include="Src\Scene\GameScene\Game\FourPlayer\Athletic\Athletic.cpp" />
    <ClCompile Include="Src\Object\Actor\Item\FeedJ\Food\State\FeedJ_Food_Cooked.cpp" />
    <ClCompile Include="Src\Object\Actor\Item\FeedJ\Food\State\FeedJ_Food_Cooking.cpp" />
    <ClCompile Include="Src\Object\Actor\Item\FeedJ\Food\State\FeedJ_Food_Idle.cpp" />
    <ClCompile Include="Src\Object\Actor\Stage\FeedJ\StationTrash.cpp" />
    <ClCompile Include="Src\Object\Actor\Stage\Athletic\AthleticMoveFloor.cpp" />
    <ClCompile Include="Src\Object\Actor\Stage\Athletic\AthleticMiniCloud.cpp" />
    <ClCompile Include="Src\Object\Actor\Stage\Athletic\AthleticMiniSpinBox.cpp" />
    <ClCompile Include="Src\Object\Actor\Stage\Athletic\AthleticMiniSpiningBar.cpp" />
    <ClCompile Include="Src\Object\Actor\Factory\Athletic\AthleticFactory.cpp" />
    <ClCompile Include="Src\Object\Actor\Stage\Athletic\AthleticFall.cpp" />
    <ClCompile Include="Src\Object\Actor\Charactor\OneVsThree\SpikeDrop\SpikeDropPlayer.cpp" />
    <ClCompile Include="Src\Object\Actor\Factory\SpikeDrop\SpikeDropFactory.cpp" />
    <ClCompile Include="Src\Object\Actor\Stage\SpikeDrop\SpikeDropStage.cpp" />
    <ClCompile Include="Src\Object\Actor\Charactor\OneVsThree\SpikeDrop\Dropper.cpp" />
    <ClCompile Include="Src\Object\Actor\Item\SpikeDrop\Spike.cpp" />
    <ClCompile Include="Src\Scene\GameScene\Game\OneVsThree\SpikeDrop\SpikeDrop.cpp" />
  </ItemGroup>
  <ItemGroup>
    <ClCompile Include="Src\Application.cpp">
      <Filter>ソース ファイル</Filter>
    </ClCompile>
    <ClCompile Include="Src\main.cpp">
      <Filter>ソース ファイル</Filter>
    </ClCompile>
    <ClCompile Include="Src\Manager\Game\SceneManager.cpp">
      <Filter>ソース ファイル</Filter>
    </ClCompile>
    <ClCompile Include="Src\Scene\SceneBase.cpp">
      <Filter>ソース ファイル</Filter>
    </ClCompile>
    <ClCompile Include="Src\Manager\Resource\Resource.cpp">
      <Filter>ソース ファイル</Filter>
    </ClCompile>
    <ClCompile Include="Src\Manager\Resource\ResourceManager.cpp">
      <Filter>ソース ファイル</Filter>
    </ClCompile>
    <ClCompile Include="Src\Manager\Generic\Loading.cpp">
      <Filter>ソース ファイル</Filter>
    </ClCompile>
    <ClCompile Include="Src\Utility\AsoUtility.cpp">
      <Filter>ソース ファイル</Filter>
    </ClCompile>
    <ClCompile Include="Src\Common\IntVector3.cpp">
      <Filter>ソース ファイル</Filter>
    </ClCompile>
    <ClCompile Include="Src\Common\Quaternion.cpp">
      <Filter>ソース ファイル</Filter>
    </ClCompile>
    <ClCompile Include="Src\Common\Vector2.cpp">
      <Filter>ソース ファイル</Filter>
    </ClCompile>
    <ClCompile Include="Src\Object\Common\AnimationController.cpp">
      <Filter>ソース ファイル</Filter>
    </ClCompile>
    <ClCompile Include="Src\Object\Common\Transform.cpp">
      <Filter>ソース ファイル</Filter>
    </ClCompile>
    <ClCompile Include="Src\Object\Actor\ActorBase.cpp">
      <Filter>ソース ファイル</Filter>
    </ClCompile>
    <ClCompile Include="Src\Object\Actor\Shape\Box.cpp">
      <Filter>ソース ファイル</Filter>
    </ClCompile>
    <ClCompile Include="Src\Object\Actor\Shape\Capsule.cpp">
      <Filter>ソース ファイル</Filter>
    </ClCompile>
    <ClCompile Include="Src\Object\Actor\Shape\ShapeBase.cpp">
      <Filter>ソース ファイル</Filter>
    </ClCompile>
    <ClCompile Include="Src\Object\Actor\Shape\Sphere.cpp">
      <Filter>ソース ファイル</Filter>
    </ClCompile>
    <ClCompile Include="Src\Object\Actor\Collider\ColliderBase.cpp">
      <Filter>ソース ファイル</Filter>
    </ClCompile>
    <ClCompile Include="Src\Object\Actor\Collider\ColliderBox.cpp">
      <Filter>ソース ファイル</Filter>
    </ClCompile>
    <ClCompile Include="Src\Object\Actor\Collider\ColliderCapsule.cpp">
      <Filter>ソース ファイル</Filter>
    </ClCompile>
    <ClCompile Include="Src\Object\Actor\Collider\ColliderSphere.cpp">
      <Filter>ソース ファイル</Filter>
    </ClCompile>
    <ClCompile Include="Src\Object\Actor\Camera\Camera.cpp">
      <Filter>ソース ファイル</Filter>
    </ClCompile>
    <ClCompile Include="Src\Manager\Generic\FPS.cpp">
      <Filter>ソース ファイル</Filter>
    </ClCompile>
    <ClCompile Include="Src\Manager\Generic\KeyManager.cpp">
      <Filter>ソース ファイル</Filter>
    </ClCompile>
    <ClCompile Include="Src\Object\Common\RigidBody.cpp">
      <Filter>ソース ファイル</Filter>
    </ClCompile>
    <ClCompile Include="Src\Scene\TitleScene.cpp">
      <Filter>ソース ファイル</Filter>
    </ClCompile>
    <ClCompile Include="Src\Object\Actor\Manager\ActorManager.cpp">
      <Filter>ソース ファイル</Filter>
    </ClCompile>
    <ClCompile Include="Src\Manager\System\Collision\CollisionManager.cpp">
      <Filter>ソース ファイル</Filter>
    </ClCompile>
    <ClCompile Include="Src\Manager\System\Collision\CollisionLogic.cpp">
      <Filter>ソース ファイル</Filter>
    </ClCompile>
    <ClCompile Include="Src\Manager\System\EventSystem\EventManager.cpp">
      <Filter>ソース ファイル</Filter>
    </ClCompile>
    <ClCompile Include="Src\Object\Actor\Charactor\CharactorBase.cpp">
      <Filter>ソース ファイル</Filter>
    </ClCompile>
    <ClCompile Include="Src\Object\Actor\Stage\FindingJ\ReactionBlock.cpp">
      <Filter>ソース ファイル</Filter>
    </ClCompile>
    <ClCompile Include="Src\Object\Actor\Stage\FindingJ\Block.cpp">
      <Filter>ソース ファイル</Filter>
    </ClCompile>
    <ClCompile Include="Src\Scene\GameOverScene.cpp">
      <Filter>ソース ファイル</Filter>
    </ClCompile>
    <ClCompile Include="Src\Scene\PauseScene.cpp">
      <Filter>ソース ファイル</Filter>
    </ClCompile>
    <ClCompile Include="Src\Scene\PeopleSelectScene.cpp">
      <Filter>ソース ファイル</Filter>
    </ClCompile>
    <ClCompile Include="Src\Object\UI\FindingJ\GameMessageUI.cpp">
      <Filter>ソース ファイル</Filter>
    </ClCompile>
    <ClCompile Include="Src\Object\UI\FindingJ\Timer.cpp">
      <Filter>ソース ファイル</Filter>
    </ClCompile>
    <ClCompile Include="Src\Manager\Game\UIManager.cpp">
      <Filter>ソース ファイル</Filter>
    </ClCompile>
    <ClCompile Include="Src\Object\UI\UIBase.cpp">
      <Filter>ソース ファイル</Filter>
    </ClCompile>
    <ClCompile Include="Src\Scene\GameSelect\GameSelectScene.cpp">
      <Filter>ソース ファイル</Filter>
    </ClCompile>
    <ClCompile Include="Src\Scene\GameScene\Game\GameBase.cpp">
      <Filter>ソース ファイル</Filter>
    </ClCompile>
    <ClCompile Include="Src\Manager\Game\SE.cpp">
      <Filter>ソース ファイル</Filter>
    </ClCompile>
    <ClCompile Include="Src\Scene\GameScene\GameScene.cpp">
      <Filter>ソース ファイル</Filter>
    </ClCompile>
    <ClCompile Include="Src\Scene\GameScene\Game\FourPlayer\FindingJ.cpp">
      <Filter>ソース ファイル</Filter>
    </ClCompile>
    <ClCompile Include="Src\Scene\GameScene\Game\TwoPlayer\ThumbWrestling.cpp">
      <Filter>ソース ファイル</Filter>
    </ClCompile>
    <ClCompile Include="Src\Scene\GameScene\Game\FourPlayer\ButtonMashing\ButtonMushing.cpp">
      <Filter>ソース ファイル</Filter>
    </ClCompile>
    <ClCompile Include="Src\Object\Actor\Charactor\Player\ButtonMashing\ButtonMashingPlayer.cpp">
      <Filter>ソース ファイル</Filter>
    </ClCompile>
    <ClCompile Include="Src\Object\Actor\Charactor\FindingJ\FindingJCPU\FindingJChaser.cpp">
      <Filter>ソース ファイル</Filter>
    </ClCompile>
    <ClCompile Include="Src\Object\Actor\Charactor\FindingJ\FindingJCPU\FindingJRunner.cpp">
      <Filter>ソース ファイル</Filter>
    </ClCompile>
    <ClCompile Include="Src\Object\Actor\Charactor\FindingJ\FindingJPlayer.cpp">
      <Filter>ソース ファイル</Filter>
    </ClCompile>
    <ClCompile Include="Src\Object\Actor\Factory\Test\TestFactory.cpp">
      <Filter>ソース ファイル</Filter>
    </ClCompile>
    <ClCompile Include="Src\Object\Actor\Factory\FindingJ\Stage1Factory.cpp">
      <Filter>ソース ファイル</Filter>
    </ClCompile>
    <ClCompile Include="Src\Object\Actor\Factory\FindingJ\Stage2Factory.cpp">
      <Filter>ソース ファイル</Filter>
    </ClCompile>
    <ClCompile Include="Src\Object\Actor\Factory\FindingJ\Stage3Factory.cpp">
      <Filter>ソース ファイル</Filter>
    </ClCompile>
    <ClCompile Include="Src\Scene\GameScene\Game\OnePlayer\TestGame.cpp">
      <Filter>ソース ファイル</Filter>
    </ClCompile>
    <ClCompile Include="Src\Object\Actor\Stage\Test\TestFloor.cpp">
      <Filter>ソース ファイル</Filter>
    </ClCompile>
    <ClCompile Include="Src\Object\Actor\Charactor\OnePlay\Test\TestPlayer.cpp">
      <Filter>ソース ファイル</Filter>
    </ClCompile>
    <ClCompile Include="Src\Object\Actor\Stage\Test\TestBox.cpp">
      <Filter>ソース ファイル</Filter>
    </ClCompile>
    <ClCompile Include="Src\Scene\GameScene\Game\OneToFour\FeedJ\FeedJ.cpp">
      <Filter>ソース ファイル</Filter>
    </ClCompile>
    <ClCompile Include="Src\Object\Actor\Stage\FeedJ\StationBase.cpp">
      <Filter>ソース ファイル</Filter>
    </ClCompile>
    <ClCompile Include="Src\Object\Actor\Charactor\OneToFour\FeedJ\FeedJPlayer.cpp">
      <Filter>ソース ファイル</Filter>
    </ClCompile>
    <ClCompile Include="Src\Object\Actor\Item\FeedJ\Food\FoodBase.cpp">
      <Filter>ソース ファイル</Filter>
    </ClCompile>
    <ClCompile Include="Src\Object\Actor\Item\FeedJ\Container\ContainerBase.cpp">
      <Filter>ソース ファイル</Filter>
    </ClCompile>
    <ClCompile Include="Src\Object\Actor\Stage\FeedJ\Storage\StorageBase.cpp">
      <Filter>ソース ファイル</Filter>
    </ClCompile>
    <ClCompile Include="Src\Object\UI\FeedJ\FoodUI.cpp">
      <Filter>ソース ファイル</Filter>
    </ClCompile>
    <ClCompile Include="Src\Object\Actor\Charactor\OneToFour\FeedJ\State\FeedJ_Walk.cpp">
      <Filter>ソース ファイル</Filter>
    </ClCompile>
    <ClCompile Include="Src\Object\Actor\Charactor\OneToFour\FeedJ\State\FeedJ_HoldWalk.cpp">
      <Filter>ソース ファイル</Filter>
    </ClCompile>
    <ClCompile Include="Src\Object\Actor\Charactor\OneToFour\FeedJ\State\FeedJ_Dash.cpp">
      <Filter>ソース ファイル</Filter>
    </ClCompile>
    <ClCompile Include="Src\Object\Actor\Charactor\OneToFour\FeedJ\State\FeedJ_Cook.cpp">
      <Filter>ソース ファイル</Filter>
    </ClCompile>
    <ClCompile Include="Src\Object\Actor\Charactor\OneToFour\FeedJ\State\FeedJ_HoldState.cpp">
      <Filter>ソース ファイル</Filter>
    </ClCompile>
    <ClCompile Include="Src\Object\Actor\Charactor\OneToFour\FeedJ\State\FeedJ_IdleState.cpp">
      <Filter>ソース ファイル</Filter>
    </ClCompile>
    <ClCompile Include="Src\Object\Actor\Item\ItemBase.cpp">
      <Filter>ソース ファイル</Filter>
    </ClCompile>
    <ClCompile Include="Src\Object\Actor\Stage\FeedJ\StationCutting.cpp">
      <Filter>ソース ファイル</Filter>
    </ClCompile>
    <ClCompile Include="Src\Object\Actor\Stage\FeedJ\StationNormal.cpp">
      <Filter>ソース ファイル</Filter>
    </ClCompile>
    <ClCompile Include="Src\Object\Actor\Stage\FeedJ\StationDish.cpp">
      <Filter>ソース ファイル</Filter>
    </ClCompile>
    <ClCompile Include="Src\Object\Actor\Stage\FeedJ\StationServe.cpp">
      <Filter>ソース ファイル</Filter>
    </ClCompile>
    <ClCompile Include="Src\Object\Actor\Stage\FeedJ\Storage\StorageTomato.cpp">
      <Filter>ソース ファイル</Filter>
    </ClCompile>
    <ClCompile Include="Src\Object\Actor\Stage\FeedJ\Storage\StorageCucamber.cpp">
      <Filter>ソース ファイル</Filter>
    </ClCompile>
    <ClCompile Include="Src\Object\Actor\Stage\FeedJ\Storage\StorageLettuce.cpp">
      <Filter>ソース ファイル</Filter>
    </ClCompile>
    <ClCompile Include="Src\Object\Actor\Item\FeedJ\Food\AfterCooking\Tomato.cpp">
      <Filter>ソース ファイル</Filter>
    </ClCompile>
    <ClCompile Include="Src\Object\Actor\Item\FeedJ\Food\AfterCooking\Lettuce.cpp">
      <Filter>ソース ファイル</Filter>
    </ClCompile>
    <ClCompile Include="Src\Object\Actor\Item\FeedJ\Food\AfterCooking\Cucamber.cpp">
      <Filter>ソース ファイル</Filter>
    </ClCompile>
    <ClCompile Include="Src\Object\Actor\Item\FeedJ\Container\Dish.cpp">
      <Filter>ソース ファイル</Filter>
    </ClCompile>
    <ClCompile Include="Src\Object\Actor\Item\FeedJ\Container\CuttingBoard.cpp">
      <Filter>ソース ファイル</Filter>
    </ClCompile>
    <ClCompile Include="Src\Object\Actor\Item\FeedJ\FeedJ_ItemIdle.cpp">
      <Filter>ソース ファイル</Filter>
    </ClCompile>
    <ClCompile Include="Src\Object\Actor\Stage\FeedJ\FeedJFloor.cpp">
      <Filter>ソース ファイル</Filter>
    </ClCompile>
    <ClCompile Include="Src\Object\Actor\Factory\FeedJ\FeedJStage1Factory.cpp">
      <Filter>ソース ファイル</Filter>
    </ClCompile>
  </ItemGroup>
  <ItemGroup>
    <ClInclude Include="Src\Object\Actor\Factory\FactorysHeadersh.h" />
    <ClInclude Include="Src\Object\Actor\Factory\FeedJ\FeedJStage1Factory.h" />
    <ClInclude Include="Src\Object\Actor\Item\FeedJ\FeedJItemHeaders.h" />
    <ClInclude Include="Src\Object\Actor\Stage\FeedJ\FeedJFloor.h" />
    <ClInclude Include="Src\Object\Actor\Stage\FeedJ\FeedJStageHeaders.h" />
    <ClInclude Include="Src\Object\Actor\Stage\FeedJ\FeedJStageLayout.h" />
    <ClInclude Include="Src\Object\Actor\Item\FeedJ\FeedJ_ItemIdle.h" />
    <ClInclude Include="Src\Object\Actor\Item\FeedJ\IFoodState.h" />
    <ClInclude Include="Src\Object\Actor\Item\FeedJ\InterFace\FeedJ_Drop.h" />
    <ClInclude Include="Src\Object\Actor\Item\FeedJ\Container\CuttingBoard.h" />
    <ClInclude Include="Src\Object\Actor\Item\FeedJ\Container\Dish.h" />
    <ClInclude Include="Src\Object\Actor\Item\FeedJ\Food\AfterCooking\Cucamber.h" />
    <ClInclude Include="Src\Object\Actor\Item\FeedJ\Food\AfterCooking\Lettuce.h" />
    <ClInclude Include="Src\Object\Actor\Charactor\OneToFour\FeedJ\State\FeedJ_HoldState.h" />
    <ClInclude Include="Src\Object\Actor\Charactor\OneToFour\FeedJ\State\FeedJStateHeaders.h" />
    <ClInclude Include="Src\Object\UI\Unicycle\CountTimer.h" />
    <ClInclude Include="Src\Object\UI\Unicycle\Distance.h" />
    <ClInclude Include="Src\Object\Actor\Charactor\OneToFour\FeedJ\State\FeedJ_Cook.h" />
    <ClInclude Include="Src\Object\Actor\Charactor\OneToFour\FeedJ\State\FeedJ_Dash.h" />
    <ClInclude Include="Src\Object\Actor\Charactor\OneToFour\FeedJ\State\FeedJ_HoldWalk.h" />
    <ClInclude Include="Src\Object\Actor\Charactor\OneToFour\FeedJ\State\FeedJ_Walk.h" />
    <ClInclude Include="Src\Object\Actor\Charactor\OneToFour\FeedJ\State\FeedJ_IdleState.h" />
    <ClInclude Include="Src\Object\Actor\Charactor\IState.h" />
    <ClInclude Include="Src\Object\Actor\Item\FeedJ\InterFace\FeedJ_ICookable.h" />
    <ClInclude Include="Src\Object\Actor\Item\FeedJ\InterFace\FeedJ_ICooker.h" />
    <ClInclude Include="Src\Object\Actor\Item\FeedJ\InterFace\FeedJ_IThrowble.h" />
    <ClInclude Include="Src\Object\Actor\Stage\FeedJ\StationKind.h" />
    <ClInclude Include="Src\Object\Actor\Factory\Unicycle\UnicycleFactory.h" />
    <ClInclude Include="Src\Object\Actor\Stage\Unicycle\StageLayout.h" />
    <ClInclude Include="Src\Object\UI\FeedJ\FoodUI.h" />
    <ClInclude Include="Src\Object\Actor\Item\FeedJ\Container\ContainerBase.h" />
    <ClInclude Include="Src\Object\Actor\Item\FeedJ\Food\FoodBase.h" />
    <ClInclude Include="Src\Object\Actor\Item\ItemBase.h" />
    <ClInclude Include="Src\Object\Actor\Charactor\OneToFour\FeedJ\FeedJPlayer.h" />
    <ClInclude Include="Src\Scene\GameScene\Game\OneToFour\FeedJ\FeedJ.h" />
    <ClInclude Include="Src\Object\Actor\Charactor\Player\ButtonMashing\ButtonMashingPlayer.h" />
    <ClInclude Include="Src\Scene\GameScene\Game\FourPlayer\ButtonMashing\ButtonKind.h" />
    <ClInclude Include="Src\Scene\GameScene\Game\FourPlayer\ButtonMashing\ButtonMushing.h" />
    <ClInclude Include="Src\Scene\GameScene\Game\FourPlayer\FindingJ.h" />
    <ClInclude Include="Src\Scene\GameScene\Game\MiniGameHeaders.h" />
    <ClInclude Include="Src\Scene\GameSelect\GameSelectScene.h" />
    <ClInclude Include="Src\Scene\GameScene\Game\GameBase.h" />
    <ClInclude Include="Src\Manager\Game\SE.h" />
    <ClInclude Include="Src\Object\Actor\Charactor\FindingJ\FindingJCPU\FindingJChaser.h" />
    <ClInclude Include="Src\Object\Actor\Charactor\FindingJ\FindingJCPU\FindingJRunner.h" />
    <ClInclude Include="Src\Object\Actor\Charactor\FindingJ\FindingJPlayer.h" />
    <ClInclude Include="Src\Object\Actor\Charactor\CharactorBase.h" />
    <ClInclude Include="Src\Object\Actor\Stage\FindingJ\ReactionBlock.h" />
    <ClInclude Include="Src\Object\Actor\Stage\FindingJ\Block.h" />
    <ClInclude Include="Src\Manager\System\EventSystem\EventManager.h" />
    <ClInclude Include="Src\Manager\System\Collision\CollisionLogic.h" />
    <ClInclude Include="Src\Manager\System\Collision\CollisionManager.h" />
    <ClInclude Include="Src\Manager\System\Collision\CollisionPairType.h" />
    <ClInclude Include="Src\Manager\System\Collision\CollisionResult.h" />
    <ClInclude Include="Src\Manager\System\EventSystem\EventInfo.h" />
    <ClInclude Include="Src\Manager\System\EventSystem\GameEventType.h" />
    <ClInclude Include="Src\Object\Actor\Factory\ActorFactoryBase.h" />
    <ClInclude Include="Src\Object\Actor\Manager\ActorManager.h" />
    <ClInclude Include="Src\Object\Actor\Stage\FindingJ\StageLayout.h" />
    <ClInclude Include="Src\Object\UI\FindingJ\GameMessageUI.h" />
    <ClInclude Include="Src\Object\UI\FindingJ\Timer.h" />
    <ClInclude Include="Src\Manager\Game\UIManager.h" />
    <ClInclude Include="Src\Object\UI\UIName.h" />
    <ClInclude Include="Src\Object\UI\UIType.h" />
    <ClInclude Include="Src\Scene\GameOverScene.h" />
    <ClInclude Include="Src\Scene\GameScene\GameScene.h" />
    <ClInclude Include="Src\Object\Actor\Shape\Sphere.h" />
    <ClInclude Include="Src\Object\Actor\Shape\Capsule.h" />
    <ClInclude Include="Src\Object\Actor\Shape\Box.h" />
    <ClInclude Include="Src\Object\Actor\Collider\ColliderSphere.h" />
    <ClInclude Include="Src\Object\Actor\Collider\ColliderCapsule.h" />
    <ClInclude Include="Src\Object\Actor\Shape\ShapeBase.h" />
    <ClInclude Include="Src\Object\Common\RigidBody.h" />
    <ClInclude Include="Src\Common\CRC.h" />
    <ClInclude Include="Src\Common\IntVector3.h" />
    <ClInclude Include="Src\Common\Quaternion.h" />
    <ClInclude Include="Src\Common\Vector2.h" />
    <ClInclude Include="Src\Manager\Generic\FPS.h" />
    <ClInclude Include="Src\Manager\Generic\KeyManager.h" />
    <ClInclude Include="Src\Manager\Generic\Loading.h" />
    <ClInclude Include="Src\Scene\GameSelect\GameInfo.h" />
    <ClInclude Include="Src\Scene\PauseScene.h" />
    <ClInclude Include="Src\Scene\PeopleSelectScene.h" />
    <ClInclude Include="Src\Scene\TitleScene.h" />
    <ClInclude Include="Src\Manager\Resource\ResourceManager.h" />
    <ClInclude Include="Src\Manager\Resource\Resource.h" />
    <ClInclude Include="Src\Manager\Resource\ResourceName.h" />
    <ClInclude Include="Src\Manager\Resource\ResourceType.h" />
    <ClInclude Include="Src\Object\Actor\ActorBase.h" />
    <ClInclude Include="Src\Object\Actor\Camera\Camera.h" />
    <ClInclude Include="Src\Object\Actor\Collider\ColliderBase.h" />
    <ClInclude Include="Src\Object\Actor\Collider\ColliderBox.h" />
    <ClInclude Include="Src\Object\Actor\Collider\ColliderInfo.h" />
    <ClInclude Include="Src\Object\Actor\Collider\ColliderShape.h" />
    <ClInclude Include="Src\Object\Actor\EntityKind.h" />
    <ClInclude Include="Src\Object\Common\AnimationController.h" />
    <ClInclude Include="Src\Object\Common\Transform.h" />
    <ClInclude Include="Src\Scene\SceneBase.h" />
    <ClInclude Include="Src\Object\Actor\Factory\Test\TestFactory.h" />
    <ClInclude Include="Src\Object\Actor\Factory\FindingJ\Stage1Factory.h" />
    <ClInclude Include="Src\Object\Actor\Factory\FindingJ\Stage2Factory.h" />
    <ClInclude Include="Src\Object\Actor\Factory\FindingJ\Stage3Factory.h" />
    <ClInclude Include="Src\Object\UI\UIBase.h" />
    <ClInclude Include="Src\Scene\GameScene\Game\TwoPlayer\ThumbWrestling.h" />
    <ClInclude Include="Src\Scene\GameScene\Game\OnePlayer\TestGame.h" />
    <ClInclude Include="Src\Object\Actor\Stage\Test\TestFloor.h" />
    <ClInclude Include="Src\Object\Actor\Charactor\OnePlay\Test\TestPlayer.h" />
    <ClInclude Include="Src\Object\Actor\Stage\Test\TestBox.h" />
    <ClInclude Include="Src\Object\Actor\Stage\FeedJ\StationBase.h" />
    <ClInclude Include="Src\Object\Actor\Stage\FeedJ\Storage\StorageBase.h" />
    <ClInclude Include="Src\Object\Actor\Charactor\StateBehavior.h" />
    <ClInclude Include="Src\Object\Actor\Stage\FeedJ\StationCutting.h" />
    <ClInclude Include="Src\Object\Actor\Stage\FeedJ\StationNormal.h" />
    <ClInclude Include="Src\Object\Actor\Stage\FeedJ\StationDish.h" />
    <ClInclude Include="Src\Object\Actor\Stage\FeedJ\StationServe.h" />
    <ClInclude Include="Src\Object\Actor\Stage\FeedJ\Storage\StorageCucamber.h" />
    <ClInclude Include="Src\Object\Actor\Stage\FeedJ\Storage\StorageLettuce.h" />
    <ClInclude Include="Src\Object\Actor\Stage\FeedJ\Storage\StorageTomato.h" />
    <ClInclude Include="Src\Object\Actor\Item\FeedJ\Food\AfterCooking\Tomato.h" />
    <ClInclude Include="Src\Scene\GameScene\Game\AnyPlayer\Unicycle.h" />
    <ClInclude Include="Src\Object\Actor\Charactor\OnePlay\Unicycle\UnicyclePlayer.h" />
    <ClInclude Include="Src\Manager\Game\SceneManager.h" />
    <ClInclude Include="Src\Application.h" />
    <ClInclude Include="Src\main.h" />
    <ClInclude Include="Src\Utility\AsoUtility.h" />
    <ClInclude Include="Src\Object\UI\Unicycle\MessageImageUI.h" />
    <ClInclude Include="Src\Object\Actor\Stage\Athletic\AthleticBrokenFloor.h" />
    <ClInclude Include="Src\Object\Actor\Stage\Athletic\AthleticCloud.h" />
    <ClInclude Include="Src\Object\Actor\Stage\Athletic\AthleticGoal.h" />
    <ClInclude Include="Src\Object\Actor\Stage\Athletic\AthleticNormalFloor.h" />
    <ClInclude Include="Src\Object\Actor\Stage\Athletic\AthleticSpinBox.h" />
    <ClInclude Include="Src\Object\Actor\Stage\Athletic\AthleticSpiningBar.h" />
    <ClInclude Include="Src\Object\Actor\Stage\Athletic\AthleticStart.h" />
    <ClInclude Include="Src\Object\Actor\Charactor\FourPlayer\Athletic\AthleticPlayer.h" />
    <ClInclude Include="Src\Scene\GameScene\Game\FourPlayer\Athletic\Athletic.h" />
    <ClInclude Include="Src\Object\Actor\Item\FeedJ\Food\FeedJ_Food_Headers.h" />
    <ClInclude Include="Src\Object\Actor\Item\FeedJ\Food\State\FeedJ_Food_Cooked.h" />
    <ClInclude Include="Src\Object\Actor\Item\FeedJ\Food\State\FeedJ_Food_Cooking.h" />
    <ClInclude Include="Src\Object\Actor\Item\FeedJ\Food\State\FeedJ_Food_Idle.h" />
    <ClInclude Include="Src\Object\Actor\Factory\FactorysHeadersh.h" />
    <ClInclude Include="Src\Object\Actor\Factory\FeedJ\FeedJStage1Factory.h" />
    <ClInclude Include="Src\Object\Actor\Item\FeedJ\FeedJItemHeaders.h" />
    <ClInclude Include="Src\Object\Actor\Item\FeedJ\Food\FoodKind.h" />
    <ClInclude Include="Src\Object\Actor\Stage\FeedJ\FeedJFloor.h" />
    <ClInclude Include="Src\Object\Actor\Stage\FeedJ\FeedJStageHeaders.h" />
    <ClInclude Include="Src\Object\Actor\Stage\FeedJ\FeedJStageLayout.h" />
    <ClInclude Include="Src\Object\Actor\Item\FeedJ\FeedJ_ItemIdle.h" />
    <ClInclude Include="Src\Object\Actor\Item\FeedJ\IFoodState.h" />
    <ClInclude Include="Src\Object\Actor\Item\FeedJ\InterFace\FeedJ_Drop.h" />
    <ClInclude Include="Src\Object\Actor\Item\FeedJ\Container\CuttingBoard.h" />
    <ClInclude Include="Src\Object\Actor\Item\FeedJ\Container\Dish.h" />
    <ClInclude Include="Src\Object\Actor\Item\FeedJ\Food\AfterCooking\Cucamber.h" />
    <ClInclude Include="Src\Object\Actor\Item\FeedJ\Food\AfterCooking\Lettuce.h" />
    <ClInclude Include="Src\Object\Actor\Charactor\OneToFour\FeedJ\State\FeedJ_HoldState.h" />
    <ClInclude Include="Src\Object\Actor\Charactor\OneToFour\FeedJ\State\FeedJStateHeaders.h" />
    <ClInclude Include="Src\Object\Actor\Stage\FeedJ\StationTrash.h" />
    <ClInclude Include="Src\Object\Actor\Charactor\OneToFour\FeedJ\State\FeedJ_Cook.h" />
    <ClInclude Include="Src\Object\Actor\Charactor\OneToFour\FeedJ\State\FeedJ_Dash.h" />
    <ClInclude Include="Src\Object\Actor\Charactor\OneToFour\FeedJ\State\FeedJ_HoldWalk.h" />
    <ClInclude Include="Src\Object\Actor\Charactor\OneToFour\FeedJ\State\FeedJ_Walk.h" />
    <ClInclude Include="Src\Object\Actor\Charactor\OneToFour\FeedJ\State\FeedJ_IdleState.h" />
    <ClInclude Include="Src\Object\Actor\Charactor\IState.h" />
    <ClInclude Include="Src\Object\Actor\Item\FeedJ\InterFace\FeedJ_ICookable.h" />
    <ClInclude Include="Src\Object\Actor\Item\FeedJ\InterFace\FeedJ_ICooker.h" />
    <ClInclude Include="Src\Object\Actor\Item\FeedJ\InterFace\FeedJ_IThrowble.h" />
    <ClInclude Include="Src\Object\Actor\Stage\FeedJ\StationKind.h" />
    <ClInclude Include="Src\Object\UI\FeedJ\FoodUI.h" />
    <ClInclude Include="Src\Object\Actor\Item\FeedJ\Container\ContainerBase.h" />
    <ClInclude Include="Src\Object\Actor\Item\FeedJ\Food\FoodBase.h" />
    <ClInclude Include="Src\Object\Actor\Item\ItemBase.h" />
    <ClInclude Include="Src\Object\Actor\Charactor\OneToFour\FeedJ\FeedJPlayer.h" />
    <ClInclude Include="Src\Scene\GameScene\Game\OneToFour\FeedJ\FeedJ.h" />
    <ClInclude Include="Src\Object\Actor\Charactor\Player\ButtonMashing\ButtonMashingPlayer.h" />
    <ClInclude Include="Src\Scene\GameScene\Game\FourPlayer\ButtonMashing\ButtonKind.h" />
    <ClInclude Include="Src\Scene\GameScene\Game\FourPlayer\ButtonMashing\ButtonMushing.h" />
    <ClInclude Include="Src\Scene\GameScene\Game\FourPlayer\FindingJ.h" />
    <ClInclude Include="Src\Scene\GameScene\Game\MiniGameHeaders.h" />
    <ClInclude Include="Src\Scene\GameSelect\GameSelectScene.h" />
    <ClInclude Include="Src\Scene\GameScene\Game\GameBase.h" />
    <ClInclude Include="Src\Manager\Game\SE.h" />
    <ClInclude Include="Src\Object\Actor\Charactor\FindingJ\FindingJCPU\FindingJChaser.h" />
    <ClInclude Include="Src\Object\Actor\Charactor\FindingJ\FindingJCPU\FindingJRunner.h" />
    <ClInclude Include="Src\Object\Actor\Charactor\FindingJ\FindingJPlayer.h" />
    <ClInclude Include="Src\Object\Actor\Charactor\CharactorBase.h" />
    <ClInclude Include="Src\Object\Actor\Stage\FindingJ\ReactionBlock.h" />
    <ClInclude Include="Src\Object\Actor\Stage\FindingJ\Block.h" />
    <ClInclude Include="Src\Manager\System\EventSystem\EventManager.h" />
    <ClInclude Include="Src\Manager\System\Collision\CollisionLogic.h" />
    <ClInclude Include="Src\Manager\System\Collision\CollisionManager.h" />
    <ClInclude Include="Src\Manager\System\Collision\CollisionPairType.h" />
    <ClInclude Include="Src\Manager\System\Collision\CollisionResult.h" />
    <ClInclude Include="Src\Manager\System\EventSystem\EventInfo.h" />
    <ClInclude Include="Src\Manager\System\EventSystem\GameEventType.h" />
    <ClInclude Include="Src\Object\Actor\Factory\ActorFactoryBase.h" />
    <ClInclude Include="Src\Object\Actor\Manager\ActorManager.h" />
    <ClInclude Include="Src\Object\Actor\Stage\FindingJ\StageLayout.h" />
    <ClInclude Include="Src\Object\UI\FindingJ\GameMessageUI.h" />
    <ClInclude Include="Src\Object\UI\FindingJ\Timer.h" />
    <ClInclude Include="Src\Manager\Game\UIManager.h" />
    <ClInclude Include="Src\Object\UI\UIName.h" />
    <ClInclude Include="Src\Object\UI\UIType.h" />
    <ClInclude Include="Src\Scene\GameOverScene.h" />
    <ClInclude Include="Src\Scene\GameScene\GameScene.h" />
    <ClInclude Include="Src\Object\Actor\Shape\Sphere.h" />
    <ClInclude Include="Src\Object\Actor\Shape\Capsule.h" />
    <ClInclude Include="Src\Object\Actor\Shape\Box.h" />
    <ClInclude Include="Src\Object\Actor\Collider\ColliderSphere.h" />
    <ClInclude Include="Src\Object\Actor\Collider\ColliderCapsule.h" />
    <ClInclude Include="Src\Object\Actor\Shape\ShapeBase.h" />
    <ClInclude Include="Src\Object\Common\RigidBody.h" />
    <ClInclude Include="Src\Common\CRC.h" />
    <ClInclude Include="Src\Common\IntVector3.h" />
    <ClInclude Include="Src\Common\Quaternion.h" />
    <ClInclude Include="Src\Common\Vector2.h" />
    <ClInclude Include="Src\Manager\Generic\FPS.h" />
    <ClInclude Include="Src\Manager\Generic\KeyManager.h" />
    <ClInclude Include="Src\Manager\Generic\Loading.h" />
    <ClInclude Include="Src\Scene\GameSelect\GameInfo.h" />
    <ClInclude Include="Src\Scene\PauseScene.h" />
    <ClInclude Include="Src\Scene\PeopleSelectScene.h" />
    <ClInclude Include="Src\Scene\TitleScene.h" />
    <ClInclude Include="Src\Manager\Resource\ResourceManager.h" />
    <ClInclude Include="Src\Manager\Resource\Resource.h" />
    <ClInclude Include="Src\Manager\Resource\ResourceName.h" />
    <ClInclude Include="Src\Manager\Resource\ResourceType.h" />
    <ClInclude Include="Src\Object\Actor\ActorBase.h" />
    <ClInclude Include="Src\Object\Actor\Camera\Camera.h" />
    <ClInclude Include="Src\Object\Actor\Collider\ColliderBase.h" />
    <ClInclude Include="Src\Object\Actor\Collider\ColliderBox.h" />
    <ClInclude Include="Src\Object\Actor\Collider\ColliderInfo.h" />
    <ClInclude Include="Src\Object\Actor\Collider\ColliderShape.h" />
    <ClInclude Include="Src\Object\Actor\EntityKind.h" />
    <ClInclude Include="Src\Object\Common\AnimationController.h" />
    <ClInclude Include="Src\Object\Common\Transform.h" />
    <ClInclude Include="Src\Scene\SceneBase.h" />
    <ClInclude Include="Src\Object\Actor\Factory\Test\TestFactory.h" />
    <ClInclude Include="Src\Object\Actor\Factory\FindingJ\Stage1Factory.h" />
    <ClInclude Include="Src\Object\Actor\Factory\FindingJ\Stage2Factory.h" />
    <ClInclude Include="Src\Object\Actor\Factory\FindingJ\Stage3Factory.h" />
    <ClInclude Include="Src\Object\UI\UIBase.h" />
    <ClInclude Include="Src\Scene\GameScene\Game\TwoPlayer\ThumbWrestling.h" />
    <ClInclude Include="Src\Scene\GameScene\Game\OnePlayer\TestGame.h" />
    <ClInclude Include="Src\Object\Actor\Stage\Test\TestFloor.h" />
    <ClInclude Include="Src\Object\Actor\Charactor\OnePlay\Test\TestPlayer.h" />
    <ClInclude Include="Src\Object\Actor\Stage\Test\TestBox.h" />
    <ClInclude Include="Src\Object\Actor\Stage\FeedJ\StationBase.h" />
    <ClInclude Include="Src\Object\Actor\Stage\FeedJ\Storage\StorageBase.h" />
    <ClInclude Include="Src\Object\Actor\Charactor\StateBehavior.h" />
    <ClInclude Include="Src\Object\Actor\Stage\FeedJ\StationCutting.h" />
    <ClInclude Include="Src\Object\Actor\Stage\FeedJ\StationNormal.h" />
    <ClInclude Include="Src\Object\Actor\Stage\FeedJ\StationDish.h" />
    <ClInclude Include="Src\Object\Actor\Stage\FeedJ\StationServe.h" />
    <ClInclude Include="Src\Object\Actor\Stage\FeedJ\Storage\StorageCucamber.h" />
    <ClInclude Include="Src\Object\Actor\Stage\FeedJ\Storage\StorageLettuce.h" />
    <ClInclude Include="Src\Object\Actor\Stage\FeedJ\Storage\StorageTomato.h" />
    <ClInclude Include="Src\Object\Actor\Item\FeedJ\Food\AfterCooking\Tomato.h" />
    <ClInclude Include="Src\Manager\Game\SceneManager.h" />
    <ClInclude Include="Src\Application.h" />
    <ClInclude Include="Src\main.h" />
    <ClInclude Include="Src\Utility\AsoUtility.h" />
    <ClInclude Include="Src\Object\Actor\Stage\Athletic\AthleticStageLayout.h" />
    <ClInclude Include="Src\Object\Actor\Stage\Athletic\AthleticHeaders.h" />
    <ClInclude Include="Src\Object\Actor\Stage\Athletic\AthleticStageKind.h" />
    <ClInclude Include="Src\Object\Actor\Stage\Athletic\AthleticMoveFloor.h" />
    <ClInclude Include="Src\Object\Actor\Stage\Athletic\AthleticMiniCloud.h" />
    <ClInclude Include="Src\Object\Actor\Stage\Athletic\AthleticMiniSpinBox.h" />
    <ClInclude Include="Src\Object\Actor\Stage\Athletic\AthleticMiniSpiningBar.h" />
    <ClInclude Include="Src\Object\Actor\Factory\Athletic\AthleticFactory.h" />
    <ClInclude Include="Src\Object\Actor\Stage\Athletic\AthleticFall.h" />
    <ClInclude Include="Src\Object\Actor\Charactor\OneVsThree\SpikeDrop\SpikeDropPlayer.h" />
    <ClInclude Include="Src\Object\Actor\Factory\SpikeDrop\SpikeDropFactory.h" />
    <ClInclude Include="Src\Object\Actor\Stage\SpikeDrop\SpikeDropStage.h" />
    <ClInclude Include="Src\Object\Actor\Charactor\OneVsThree\SpikeDrop\Dropper.h" />
    <ClInclude Include="Src\Object\Actor\Item\SpikeDrop\Spike.h" />
    <ClInclude Include="Src\Scene\GameScene\Game\OneVsThree\SpikeDrop\SpikeDrop.h" />
  </ItemGroup>
</Project>